
Microsoft Visual Studio Solution File, Format Version 12.00
# Visual Studio Version 17
VisualStudioVersion = 17.3.32901.215
MinimumVisualStudioVersion = 10.0.40219.1
Project("{FAE04EC0-301F-11D3-BF4B-00C04F79EFBC}") = "AddressBook_New", "AddressBook_New.csproj", "{AA21CDE4-9EAB-4AD7-982C-0B880DFBC904}"
EndProject
Global
	GlobalSection(SolutionConfigurationPlatforms) = preSolution
		Debug|Any CPU = Debug|Any CPU
		Release|Any CPU = Release|Any CPU
	EndGlobalSection
	GlobalSection(ProjectConfigurationPlatforms) = postSolution
		{AA21CDE4-9EAB-4AD7-982C-0B880DFBC904}.Debug|Any CPU.ActiveCfg = Debug|Any CPU
		{AA21CDE4-9EAB-4AD7-982C-0B880DFBC904}.Debug|Any CPU.Build.0 = Debug|Any CPU
		{AA21CDE4-9EAB-4AD7-982C-0B880DFBC904}.Release|Any CPU.ActiveCfg = Release|Any CPU
		{AA21CDE4-9EAB-4AD7-982C-0B880DFBC904}.Release|Any CPU.Build.0 = Release|Any CPU
	EndGlobalSection
	GlobalSection(SolutionProperties) = preSolution
		HideSolutionNode = FALSE
	EndGlobalSection
	GlobalSection(ExtensibilityGlobals) = postSolution
		SolutionGuid = {F359A258-5D58-4D5C-BA85-613301675908}
	EndGlobalSection
EndGlobal
